{
  "name": "explore-sort-trade-game",
  "version": "0.0.0",
  "lockfileVersion": 3,
  "requires": true,
  "packages": {
    "": {
      "name": "explore-sort-trade-game",
      "version": "0.0.0",
      "workspaces": [
        "packages/*"
      ],
      "engines": {
        "node": ">=20"
      }
    },
    "node_modules/@estg/explore": {
      "resolved": "packages/explore",
      "link": true
    },
    "node_modules/@estg/shared": {
      "resolved": "packages/shared",
      "link": true
    },
    "node_modules/@estg/sort": {
      "resolved": "packages/sort",
      "link": true
    },
    "node_modules/@estg/trade": {
      "resolved": "packages/trade",
      "link": true
    },
    "node_modules/typescript": {
      "version": "5.9.3",
      "resolved": "https://registry.npmjs.org/typescript/-/typescript-5.9.3.tgz",
      "integrity": "sha512-jl1vZzPDinLr9eUt3J/t7V6FgNEw9QjvBPdysz9KfQDD41fQrC2Y4vKQdiaUpFT4bXlb1RHhLpp8wtm6M5TgSw==",
      "dev": true,
      "bin": {
        "tsc": "bin/tsc",
        "tsserver": "bin/tsserver"
      },
      "engines": {
        "node": ">=14.17"
      }
    },
    "packages/explore": {
      "name": "@estg/explore",
      "version": "0.0.0",
      "dependencies": {
        "@estg/shared": "*"
      }
    },
    "packages/shared": {
      "name": "@estg/shared",
      "version": "0.0.0",
      "devDependencies": {
        "typescript": "^5.6.0"
      }
    },
    "packages/sort": {
      "name": "@estg/sort",
      "version": "0.0.0",
      "dependencies": {
        "@estg/shared": "*"
      }
    },
    "packages/trade": {
      "name": "@estg/trade",
      "version": "0.0.0",
      "dependencies": {
        "@estg/shared": "*"
      }
    }
  }
}
